// !$*UTF8*$!
{
	archiveVersion = 1;
	classes = {
	};
	objectVersion = 50;
	objects = {

/* Begin PBXBuildFile section */
		CF19C6FB2442F24000AFC7A9 /* ListContactsViewModelTests.swift in Sources */ = {isa = PBXBuildFile; fileRef = CF19C6FA2442F24000AFC7A9 /* ListContactsViewModelTests.swift */; };
		CF19C6FD2443017400AFC7A9 /* Mocks.swift in Sources */ = {isa = PBXBuildFile; fileRef = CF19C6FC2443017400AFC7A9 /* Mocks.swift */; };
		CF19C70124430AE400AFC7A9 /* ListContactsViewControllerTests.swift in Sources */ = {isa = PBXBuildFile; fileRef = CF19C70024430AE400AFC7A9 /* ListContactsViewControllerTests.swift */; };
		CF19C70624432CCE00AFC7A9 /* CreateContactViewModel.swift in Sources */ = {isa = PBXBuildFile; fileRef = CF19C70524432CCE00AFC7A9 /* CreateContactViewModel.swift */; };
		CF19C70824432CDA00AFC7A9 /* CreateContactViewController.swift in Sources */ = {isa = PBXBuildFile; fileRef = CF19C70724432CDA00AFC7A9 /* CreateContactViewController.swift */; };
		CF19C70A2443325100AFC7A9 /* CreateContactInputDetailTableViewCell.swift in Sources */ = {isa = PBXBuildFile; fileRef = CF19C7092443325100AFC7A9 /* CreateContactInputDetailTableViewCell.swift */; };
		CF19C70C244332F000AFC7A9 /* CreateContactInputAvatarTableViewCell.swift in Sources */ = {isa = PBXBuildFile; fileRef = CF19C70B244332F000AFC7A9 /* CreateContactInputAvatarTableViewCell.swift */; };
		CF7FD23D244FD09D00AE928C /* ViewModelType.swift in Sources */ = {isa = PBXBuildFile; fileRef = CF7FD23C244FD09D00AE928C /* ViewModelType.swift */; };
		CF7FD240245042A700AE928C /* ObservableTextFieldTests.swift in Sources */ = {isa = PBXBuildFile; fileRef = CF7FD23F245042A700AE928C /* ObservableTextFieldTests.swift */; };
		CF8560202449AB6100C52E36 /* ShowContactViewModelTests.swift in Sources */ = {isa = PBXBuildFile; fileRef = CF85601F2449AB6100C52E36 /* ShowContactViewModelTests.swift */; };
		CF8560232449E22900C52E36 /* UpdateContactViewController.swift in Sources */ = {isa = PBXBuildFile; fileRef = CF8560222449E22900C52E36 /* UpdateContactViewController.swift */; };
		CF8560262449E26100C52E36 /* UpdateContactViewControllerTests.swift in Sources */ = {isa = PBXBuildFile; fileRef = CF8560252449E26100C52E36 /* UpdateContactViewControllerTests.swift */; };
		CF8560282449E27700C52E36 /* UpdateContactViewModel.swift in Sources */ = {isa = PBXBuildFile; fileRef = CF8560272449E27700C52E36 /* UpdateContactViewModel.swift */; };
		CF85602A2449E28300C52E36 /* UpdateContactViewModelTests.swift in Sources */ = {isa = PBXBuildFile; fileRef = CF8560292449E28300C52E36 /* UpdateContactViewModelTests.swift */; };
		CF85602C2449EEF000C52E36 /* UpdateContactInputAvatarTableViewCell.swift in Sources */ = {isa = PBXBuildFile; fileRef = CF85602B2449EEF000C52E36 /* UpdateContactInputAvatarTableViewCell.swift */; };
		CF85602E2449EF0B00C52E36 /* UpdateContactInputDetailTableViewCell.swift in Sources */ = {isa = PBXBuildFile; fileRef = CF85602D2449EF0B00C52E36 /* UpdateContactInputDetailTableViewCell.swift */; };
		CF8F8753244469380010AFD4 /* ObservableTextField.swift in Sources */ = {isa = PBXBuildFile; fileRef = CF8F8752244469380010AFD4 /* ObservableTextField.swift */; };
		CF8F8758244562B00010AFD4 /* CreateContactViewModelTests.swift in Sources */ = {isa = PBXBuildFile; fileRef = CF8F8757244562B00010AFD4 /* CreateContactViewModelTests.swift */; };
		CF8F875A2445AF060010AFD4 /* CreateContactViewControllerTests.swift in Sources */ = {isa = PBXBuildFile; fileRef = CF8F87592445AF060010AFD4 /* CreateContactViewControllerTests.swift */; };
		CFAFEDBD24401ECB006557D1 /* AppDelegate.swift in Sources */ = {isa = PBXBuildFile; fileRef = CFAFEDBC24401ECB006557D1 /* AppDelegate.swift */; };
		CFAFEDBF24401ECB006557D1 /* SceneDelegate.swift in Sources */ = {isa = PBXBuildFile; fileRef = CFAFEDBE24401ECB006557D1 /* SceneDelegate.swift */; };
		CFAFEDC124401ECB006557D1 /* ViewController.swift in Sources */ = {isa = PBXBuildFile; fileRef = CFAFEDC024401ECB006557D1 /* ViewController.swift */; };
		CFAFEDC424401ECB006557D1 /* Main.storyboard in Resources */ = {isa = PBXBuildFile; fileRef = CFAFEDC224401ECB006557D1 /* Main.storyboard */; };
		CFAFEDC624401ECF006557D1 /* Assets.xcassets in Resources */ = {isa = PBXBuildFile; fileRef = CFAFEDC524401ECF006557D1 /* Assets.xcassets */; };
		CFAFEDC924401ECF006557D1 /* LaunchScreen.storyboard in Resources */ = {isa = PBXBuildFile; fileRef = CFAFEDC724401ECF006557D1 /* LaunchScreen.storyboard */; };
		CFAFEDE624401F5E006557D1 /* HTTPClient.swift in Sources */ = {isa = PBXBuildFile; fileRef = CFAFEDE524401F5E006557D1 /* HTTPClient.swift */; };
		CFAFEDE824401F78006557D1 /* Observable.swift in Sources */ = {isa = PBXBuildFile; fileRef = CFAFEDE724401F78006557D1 /* Observable.swift */; };
		CFAFEDEA24404BEE006557D1 /* ContactsApi.swift in Sources */ = {isa = PBXBuildFile; fileRef = CFAFEDE924404BEE006557D1 /* ContactsApi.swift */; };
		CFAFEDED24404C1F006557D1 /* ContactsApiTests.swift in Sources */ = {isa = PBXBuildFile; fileRef = CFAFEDEC24404C1F006557D1 /* ContactsApiTests.swift */; };
		CFAFEDEF24404C61006557D1 /* Contact.swift in Sources */ = {isa = PBXBuildFile; fileRef = CFAFEDEE24404C61006557D1 /* Contact.swift */; };
		CFAFEDF124406272006557D1 /* Constants.swift in Sources */ = {isa = PBXBuildFile; fileRef = CFAFEDF024406272006557D1 /* Constants.swift */; };
		CFAFEDF42440AEC9006557D1 /* Observable.swift in Sources */ = {isa = PBXBuildFile; fileRef = CFAFEDF32440AEC9006557D1 /* Observable.swift */; };
		CFAFEDF624416E20006557D1 /* ContactsWorker.swift in Sources */ = {isa = PBXBuildFile; fileRef = CFAFEDF524416E20006557D1 /* ContactsWorker.swift */; };
		CFAFEDF824418ADD006557D1 /* ContactGroup.swift in Sources */ = {isa = PBXBuildFile; fileRef = CFAFEDF724418ADD006557D1 /* ContactGroup.swift */; };
		CFAFEDFB2441B85D006557D1 /* ContactsWorkerTests.swift in Sources */ = {isa = PBXBuildFile; fileRef = CFAFEDFA2441B85D006557D1 /* ContactsWorkerTests.swift */; };
		CFAFEDFF2441B9D7006557D1 /* Seeds.swift in Sources */ = {isa = PBXBuildFile; fileRef = CFAFEDFE2441B9D7006557D1 /* Seeds.swift */; };
		CFAFEE022441E182006557D1 /* ListContactsViewController.swift in Sources */ = {isa = PBXBuildFile; fileRef = CFAFEE012441E182006557D1 /* ListContactsViewController.swift */; };
		CFAFEE062441E1D5006557D1 /* ListContactsViewModel.swift in Sources */ = {isa = PBXBuildFile; fileRef = CFAFEE052441E1D5006557D1 /* ListContactsViewModel.swift */; };
		CFAFEE08244211D1006557D1 /* ListContactsTableViewCell.swift in Sources */ = {isa = PBXBuildFile; fileRef = CFAFEE07244211D1006557D1 /* ListContactsTableViewCell.swift */; };
		CFAFEE0A2442C6C1006557D1 /* DependencyWorker.swift in Sources */ = {isa = PBXBuildFile; fileRef = CFAFEE092442C6C1006557D1 /* DependencyWorker.swift */; };
		CFB3530124485EE70094E070 /* ShowContactViewController.swift in Sources */ = {isa = PBXBuildFile; fileRef = CFB3530024485EE70094E070 /* ShowContactViewController.swift */; };
		CFB3530324485EFE0094E070 /* ShowContactViewModel.swift in Sources */ = {isa = PBXBuildFile; fileRef = CFB3530224485EFE0094E070 /* ShowContactViewModel.swift */; };
		CFB3530524485F1C0094E070 /* ShowContactAvatarTableViewCell.swift in Sources */ = {isa = PBXBuildFile; fileRef = CFB3530424485F1C0094E070 /* ShowContactAvatarTableViewCell.swift */; };
		CFB3530724485F2A0094E070 /* ShowContactDetailTableViewCell.swift in Sources */ = {isa = PBXBuildFile; fileRef = CFB3530624485F2A0094E070 /* ShowContactDetailTableViewCell.swift */; };
		CFED88982449364600705FDF /* ShowContactViewControllerTests.swift in Sources */ = {isa = PBXBuildFile; fileRef = CFED88972449364600705FDF /* ShowContactViewControllerTests.swift */; };
/* End PBXBuildFile section */

/* Begin PBXContainerItemProxy section */
		CFAFEDD024401ECF006557D1 /* PBXContainerItemProxy */ = {
			isa = PBXContainerItemProxy;
			containerPortal = CFAFEDB124401ECB006557D1 /* Project object */;
			proxyType = 1;
			remoteGlobalIDString = CFAFEDB824401ECB006557D1;
			remoteInfo = Contacts;
		};
/* End PBXContainerItemProxy section */

/* Begin PBXFileReference section */
		CF19C6FA2442F24000AFC7A9 /* ListContactsViewModelTests.swift */ = {isa = PBXFileReference; lastKnownFileType = sourcecode.swift; path = ListContactsViewModelTests.swift; sourceTree = "<group>"; };
		CF19C6FC2443017400AFC7A9 /* Mocks.swift */ = {isa = PBXFileReference; lastKnownFileType = sourcecode.swift; path = Mocks.swift; sourceTree = "<group>"; };
		CF19C70024430AE400AFC7A9 /* ListContactsViewControllerTests.swift */ = {isa = PBXFileReference; lastKnownFileType = sourcecode.swift; path = ListContactsViewControllerTests.swift; sourceTree = "<group>"; };
		CF19C70524432CCE00AFC7A9 /* CreateContactViewModel.swift */ = {isa = PBXFileReference; lastKnownFileType = sourcecode.swift; path = CreateContactViewModel.swift; sourceTree = "<group>"; };
		CF19C70724432CDA00AFC7A9 /* CreateContactViewController.swift */ = {isa = PBXFileReference; lastKnownFileType = sourcecode.swift; path = CreateContactViewController.swift; sourceTree = "<group>"; };
		CF19C7092443325100AFC7A9 /* CreateContactInputDetailTableViewCell.swift */ = {isa = PBXFileReference; lastKnownFileType = sourcecode.swift; path = CreateContactInputDetailTableViewCell.swift; sourceTree = "<group>"; };
		CF19C70B244332F000AFC7A9 /* CreateContactInputAvatarTableViewCell.swift */ = {isa = PBXFileReference; lastKnownFileType = sourcecode.swift; path = CreateContactInputAvatarTableViewCell.swift; sourceTree = "<group>"; };
		CF7FD23C244FD09D00AE928C /* ViewModelType.swift */ = {isa = PBXFileReference; lastKnownFileType = sourcecode.swift; path = ViewModelType.swift; sourceTree = "<group>"; };
		CF7FD23F245042A700AE928C /* ObservableTextFieldTests.swift */ = {isa = PBXFileReference; lastKnownFileType = sourcecode.swift; path = ObservableTextFieldTests.swift; sourceTree = "<group>"; };
		CF85601F2449AB6100C52E36 /* ShowContactViewModelTests.swift */ = {isa = PBXFileReference; lastKnownFileType = sourcecode.swift; path = ShowContactViewModelTests.swift; sourceTree = "<group>"; };
		CF8560222449E22900C52E36 /* UpdateContactViewController.swift */ = {isa = PBXFileReference; lastKnownFileType = sourcecode.swift; path = UpdateContactViewController.swift; sourceTree = "<group>"; };
		CF8560252449E26100C52E36 /* UpdateContactViewControllerTests.swift */ = {isa = PBXFileReference; lastKnownFileType = sourcecode.swift; path = UpdateContactViewControllerTests.swift; sourceTree = "<group>"; };
		CF8560272449E27700C52E36 /* UpdateContactViewModel.swift */ = {isa = PBXFileReference; lastKnownFileType = sourcecode.swift; path = UpdateContactViewModel.swift; sourceTree = "<group>"; };
		CF8560292449E28300C52E36 /* UpdateContactViewModelTests.swift */ = {isa = PBXFileReference; lastKnownFileType = sourcecode.swift; path = UpdateContactViewModelTests.swift; sourceTree = "<group>"; };
		CF85602B2449EEF000C52E36 /* UpdateContactInputAvatarTableViewCell.swift */ = {isa = PBXFileReference; lastKnownFileType = sourcecode.swift; path = UpdateContactInputAvatarTableViewCell.swift; sourceTree = "<group>"; };
		CF85602D2449EF0B00C52E36 /* UpdateContactInputDetailTableViewCell.swift */ = {isa = PBXFileReference; lastKnownFileType = sourcecode.swift; path = UpdateContactInputDetailTableViewCell.swift; sourceTree = "<group>"; };
		CF8F8752244469380010AFD4 /* ObservableTextField.swift */ = {isa = PBXFileReference; lastKnownFileType = sourcecode.swift; path = ObservableTextField.swift; sourceTree = "<group>"; };
		CF8F8757244562B00010AFD4 /* CreateContactViewModelTests.swift */ = {isa = PBXFileReference; lastKnownFileType = sourcecode.swift; path = CreateContactViewModelTests.swift; sourceTree = "<group>"; };
		CF8F87592445AF060010AFD4 /* CreateContactViewControllerTests.swift */ = {isa = PBXFileReference; lastKnownFileType = sourcecode.swift; path = CreateContactViewControllerTests.swift; sourceTree = "<group>"; };
		CFAFEDB924401ECB006557D1 /* Contacts.app */ = {isa = PBXFileReference; explicitFileType = wrapper.application; includeInIndex = 0; path = Contacts.app; sourceTree = BUILT_PRODUCTS_DIR; };
		CFAFEDBC24401ECB006557D1 /* AppDelegate.swift */ = {isa = PBXFileReference; lastKnownFileType = sourcecode.swift; path = AppDelegate.swift; sourceTree = "<group>"; };
		CFAFEDBE24401ECB006557D1 /* SceneDelegate.swift */ = {isa = PBXFileReference; lastKnownFileType = sourcecode.swift; path = SceneDelegate.swift; sourceTree = "<group>"; };
		CFAFEDC024401ECB006557D1 /* ViewController.swift */ = {isa = PBXFileReference; lastKnownFileType = sourcecode.swift; path = ViewController.swift; sourceTree = "<group>"; };
		CFAFEDC324401ECB006557D1 /* Base */ = {isa = PBXFileReference; lastKnownFileType = file.storyboard; name = Base; path = Base.lproj/Main.storyboard; sourceTree = "<group>"; };
		CFAFEDC524401ECF006557D1 /* Assets.xcassets */ = {isa = PBXFileReference; lastKnownFileType = folder.assetcatalog; path = Assets.xcassets; sourceTree = "<group>"; };
		CFAFEDC824401ECF006557D1 /* Base */ = {isa = PBXFileReference; lastKnownFileType = file.storyboard; name = Base; path = Base.lproj/LaunchScreen.storyboard; sourceTree = "<group>"; };
		CFAFEDCA24401ECF006557D1 /* Info.plist */ = {isa = PBXFileReference; lastKnownFileType = text.plist.xml; path = Info.plist; sourceTree = "<group>"; };
		CFAFEDCF24401ECF006557D1 /* ContactsTests.xctest */ = {isa = PBXFileReference; explicitFileType = wrapper.cfbundle; includeInIndex = 0; path = ContactsTests.xctest; sourceTree = BUILT_PRODUCTS_DIR; };
		CFAFEDD524401ECF006557D1 /* Info.plist */ = {isa = PBXFileReference; lastKnownFileType = text.plist.xml; path = Info.plist; sourceTree = "<group>"; };
		CFAFEDE524401F5E006557D1 /* HTTPClient.swift */ = {isa = PBXFileReference; lastKnownFileType = sourcecode.swift; path = HTTPClient.swift; sourceTree = "<group>"; };
		CFAFEDE724401F78006557D1 /* Observable.swift */ = {isa = PBXFileReference; lastKnownFileType = sourcecode.swift; path = Observable.swift; sourceTree = "<group>"; };
		CFAFEDE924404BEE006557D1 /* ContactsApi.swift */ = {isa = PBXFileReference; lastKnownFileType = sourcecode.swift; path = ContactsApi.swift; sourceTree = "<group>"; };
		CFAFEDEC24404C1F006557D1 /* ContactsApiTests.swift */ = {isa = PBXFileReference; lastKnownFileType = sourcecode.swift; path = ContactsApiTests.swift; sourceTree = "<group>"; };
		CFAFEDEE24404C61006557D1 /* Contact.swift */ = {isa = PBXFileReference; lastKnownFileType = sourcecode.swift; path = Contact.swift; sourceTree = "<group>"; };
		CFAFEDF024406272006557D1 /* Constants.swift */ = {isa = PBXFileReference; lastKnownFileType = sourcecode.swift; path = Constants.swift; sourceTree = "<group>"; };
		CFAFEDF32440AEC9006557D1 /* Observable.swift */ = {isa = PBXFileReference; lastKnownFileType = sourcecode.swift; path = Observable.swift; sourceTree = "<group>"; };
		CFAFEDF524416E20006557D1 /* ContactsWorker.swift */ = {isa = PBXFileReference; lastKnownFileType = sourcecode.swift; path = ContactsWorker.swift; sourceTree = "<group>"; };
		CFAFEDF724418ADD006557D1 /* ContactGroup.swift */ = {isa = PBXFileReference; lastKnownFileType = sourcecode.swift; path = ContactGroup.swift; sourceTree = "<group>"; };
		CFAFEDFA2441B85D006557D1 /* ContactsWorkerTests.swift */ = {isa = PBXFileReference; lastKnownFileType = sourcecode.swift; path = ContactsWorkerTests.swift; sourceTree = "<group>"; };
		CFAFEDFE2441B9D7006557D1 /* Seeds.swift */ = {isa = PBXFileReference; lastKnownFileType = sourcecode.swift; path = Seeds.swift; sourceTree = "<group>"; };
		CFAFEE012441E182006557D1 /* ListContactsViewController.swift */ = {isa = PBXFileReference; lastKnownFileType = sourcecode.swift; path = ListContactsViewController.swift; sourceTree = "<group>"; };
		CFAFEE052441E1D5006557D1 /* ListContactsViewModel.swift */ = {isa = PBXFileReference; lastKnownFileType = sourcecode.swift; path = ListContactsViewModel.swift; sourceTree = "<group>"; };
		CFAFEE07244211D1006557D1 /* ListContactsTableViewCell.swift */ = {isa = PBXFileReference; lastKnownFileType = sourcecode.swift; path = ListContactsTableViewCell.swift; sourceTree = "<group>"; };
		CFAFEE092442C6C1006557D1 /* DependencyWorker.swift */ = {isa = PBXFileReference; lastKnownFileType = sourcecode.swift; path = DependencyWorker.swift; sourceTree = "<group>"; };
		CFB3530024485EE70094E070 /* ShowContactViewController.swift */ = {isa = PBXFileReference; lastKnownFileType = sourcecode.swift; path = ShowContactViewController.swift; sourceTree = "<group>"; };
		CFB3530224485EFE0094E070 /* ShowContactViewModel.swift */ = {isa = PBXFileReference; lastKnownFileType = sourcecode.swift; path = ShowContactViewModel.swift; sourceTree = "<group>"; };
		CFB3530424485F1C0094E070 /* ShowContactAvatarTableViewCell.swift */ = {isa = PBXFileReference; lastKnownFileType = sourcecode.swift; path = ShowContactAvatarTableViewCell.swift; sourceTree = "<group>"; };
		CFB3530624485F2A0094E070 /* ShowContactDetailTableViewCell.swift */ = {isa = PBXFileReference; lastKnownFileType = sourcecode.swift; path = ShowContactDetailTableViewCell.swift; sourceTree = "<group>"; };
		CFED88972449364600705FDF /* ShowContactViewControllerTests.swift */ = {isa = PBXFileReference; lastKnownFileType = sourcecode.swift; path = ShowContactViewControllerTests.swift; sourceTree = "<group>"; };
/* End PBXFileReference section */

/* Begin PBXFrameworksBuildPhase section */
		CFAFEDB624401ECB006557D1 /* Frameworks */ = {
			isa = PBXFrameworksBuildPhase;
			buildActionMask = 2147483647;
			files = (
			);
			runOnlyForDeploymentPostprocessing = 0;
		};
		CFAFEDCC24401ECF006557D1 /* Frameworks */ = {
			isa = PBXFrameworksBuildPhase;
			buildActionMask = 2147483647;
			files = (
			);
			runOnlyForDeploymentPostprocessing = 0;
		};
/* End PBXFrameworksBuildPhase section */

/* Begin PBXGroup section */
		CF19C6F82442E15A00AFC7A9 /* Scenes */ = {
			isa = PBXGroup;
			children = (
				CF19C6F92442F1FB00AFC7A9 /* ListContacts */,
				CF8F8754244553470010AFD4 /* CreateContact */,
				CFED88962449362300705FDF /* ShowContact */,
				CF8560242449E23900C52E36 /* UpdateContact */,
			);
			path = Scenes;
			sourceTree = "<group>";
		};
		CF19C6F92442F1FB00AFC7A9 /* ListContacts */ = {
			isa = PBXGroup;
			children = (
				CF19C6FA2442F24000AFC7A9 /* ListContactsViewModelTests.swift */,
				CF19C70024430AE400AFC7A9 /* ListContactsViewControllerTests.swift */,
			);
			path = ListContacts;
			sourceTree = "<group>";
		};
		CF19C70224432C9B00AFC7A9 /* CreateContact */ = {
			isa = PBXGroup;
			children = (
				CF19C70524432CCE00AFC7A9 /* CreateContactViewModel.swift */,
				CF19C70724432CDA00AFC7A9 /* CreateContactViewController.swift */,
				CF19C70B244332F000AFC7A9 /* CreateContactInputAvatarTableViewCell.swift */,
				CF19C7092443325100AFC7A9 /* CreateContactInputDetailTableViewCell.swift */,
			);
			path = CreateContact;
			sourceTree = "<group>";
		};
		CF7FD23E2450424600AE928C /* Utils */ = {
			isa = PBXGroup;
			children = (
				CF7FD23F245042A700AE928C /* ObservableTextFieldTests.swift */,
			);
			path = Utils;
			sourceTree = "<group>";
		};
		CF8560212449E20B00C52E36 /* UpdateContact */ = {
			isa = PBXGroup;
			children = (
				CF8560272449E27700C52E36 /* UpdateContactViewModel.swift */,
				CF8560222449E22900C52E36 /* UpdateContactViewController.swift */,
				CF85602B2449EEF000C52E36 /* UpdateContactInputAvatarTableViewCell.swift */,
				CF85602D2449EF0B00C52E36 /* UpdateContactInputDetailTableViewCell.swift */,
			);
			path = UpdateContact;
			sourceTree = "<group>";
		};
		CF8560242449E23900C52E36 /* UpdateContact */ = {
			isa = PBXGroup;
			children = (
				CF8560292449E28300C52E36 /* UpdateContactViewModelTests.swift */,
				CF8560252449E26100C52E36 /* UpdateContactViewControllerTests.swift */,
			);
			path = UpdateContact;
			sourceTree = "<group>";
		};
		CF8F8751244469210010AFD4 /* Utils */ = {
			isa = PBXGroup;
			children = (
				CF8F8752244469380010AFD4 /* ObservableTextField.swift */,
				CF7FD23C244FD09D00AE928C /* ViewModelType.swift */,
			);
			path = Utils;
			sourceTree = "<group>";
		};
		CF8F8754244553470010AFD4 /* CreateContact */ = {
			isa = PBXGroup;
			children = (
				CF8F8757244562B00010AFD4 /* CreateContactViewModelTests.swift */,
				CF8F87592445AF060010AFD4 /* CreateContactViewControllerTests.swift */,
			);
			path = CreateContact;
			sourceTree = "<group>";
		};
		CFAFEDB024401ECB006557D1 = {
			isa = PBXGroup;
			children = (
				CFAFEDBB24401ECB006557D1 /* Contacts */,
				CFAFEDD224401ECF006557D1 /* ContactsTests */,
				CFAFEDBA24401ECB006557D1 /* Products */,
			);
			sourceTree = "<group>";
		};
		CFAFEDBA24401ECB006557D1 /* Products */ = {
			isa = PBXGroup;
			children = (
				CFAFEDB924401ECB006557D1 /* Contacts.app */,
				CFAFEDCF24401ECF006557D1 /* ContactsTests.xctest */,
			);
			name = Products;
			sourceTree = "<group>";
		};
		CFAFEDBB24401ECB006557D1 /* Contacts */ = {
			isa = PBXGroup;
			children = (
				CFAFEDDE24401ED5006557D1 /* Application */,
				CFAFEDDF24401EE1006557D1 /* Models */,
				CFAFEDE024401EE7006557D1 /* Services */,
				CFAFEDE124401EEC006557D1 /* Workers */,
				CFAFEDE224401EF3006557D1 /* Scenes */,
				CFAFEDE324401EFA006557D1 /* Common */,
				CFAFEDE424401EFE006557D1 /* Resources */,
			);
			path = Contacts;
			sourceTree = "<group>";
		};
		CFAFEDD224401ECF006557D1 /* ContactsTests */ = {
			isa = PBXGroup;
			children = (
				CF7FD23E2450424600AE928C /* Utils */,
				CFAFEDEB24404C0E006557D1 /* Services */,
				CFAFEDF92441B82B006557D1 /* Workers */,
				CF19C6F82442E15A00AFC7A9 /* Scenes */,
				CFAFEDF22440AEB2006557D1 /* Common */,
				CFAFEDFE2441B9D7006557D1 /* Seeds.swift */,
				CF19C6FC2443017400AFC7A9 /* Mocks.swift */,
				CFAFEDD524401ECF006557D1 /* Info.plist */,
			);
			path = ContactsTests;
			sourceTree = "<group>";
		};
		CFAFEDDE24401ED5006557D1 /* Application */ = {
			isa = PBXGroup;
			children = (
				CFAFEDBC24401ECB006557D1 /* AppDelegate.swift */,
				CFAFEDBE24401ECB006557D1 /* SceneDelegate.swift */,
				CFAFEDC024401ECB006557D1 /* ViewController.swift */,
				CFAFEDC224401ECB006557D1 /* Main.storyboard */,
			);
			path = Application;
			sourceTree = "<group>";
		};
		CFAFEDDF24401EE1006557D1 /* Models */ = {
			isa = PBXGroup;
			children = (
				CFAFEDEE24404C61006557D1 /* Contact.swift */,
				CFAFEDF724418ADD006557D1 /* ContactGroup.swift */,
			);
			path = Models;
			sourceTree = "<group>";
		};
		CFAFEDE024401EE7006557D1 /* Services */ = {
			isa = PBXGroup;
			children = (
				CFAFEDE924404BEE006557D1 /* ContactsApi.swift */,
			);
			path = Services;
			sourceTree = "<group>";
		};
		CFAFEDE124401EEC006557D1 /* Workers */ = {
			isa = PBXGroup;
			children = (
				CFAFEDF524416E20006557D1 /* ContactsWorker.swift */,
				CFAFEE092442C6C1006557D1 /* DependencyWorker.swift */,
			);
			path = Workers;
			sourceTree = "<group>";
		};
		CFAFEDE224401EF3006557D1 /* Scenes */ = {
			isa = PBXGroup;
			children = (
				CF8F8751244469210010AFD4 /* Utils */,
				CFAFEE002441CC47006557D1 /* ListContacts */,
				CF19C70224432C9B00AFC7A9 /* CreateContact */,
				CFB352FF24485EBC0094E070 /* ShowContact */,
				CF8560212449E20B00C52E36 /* UpdateContact */,
			);
			path = Scenes;
			sourceTree = "<group>";
		};
		CFAFEDE324401EFA006557D1 /* Common */ = {
			isa = PBXGroup;
			children = (
				CFAFEDE524401F5E006557D1 /* HTTPClient.swift */,
				CFAFEDE724401F78006557D1 /* Observable.swift */,
			);
			path = Common;
			sourceTree = "<group>";
		};
		CFAFEDE424401EFE006557D1 /* Resources */ = {
			isa = PBXGroup;
			children = (
				CFAFEDC524401ECF006557D1 /* Assets.xcassets */,
				CFAFEDC724401ECF006557D1 /* LaunchScreen.storyboard */,
				CFAFEDCA24401ECF006557D1 /* Info.plist */,
				CFAFEDF024406272006557D1 /* Constants.swift */,
			);
			path = Resources;
			sourceTree = "<group>";
		};
		CFAFEDEB24404C0E006557D1 /* Services */ = {
			isa = PBXGroup;
			children = (
				CFAFEDEC24404C1F006557D1 /* ContactsApiTests.swift */,
			);
			path = Services;
			sourceTree = "<group>";
		};
		CFAFEDF22440AEB2006557D1 /* Common */ = {
			isa = PBXGroup;
			children = (
				CFAFEDF32440AEC9006557D1 /* Observable.swift */,
			);
			path = Common;
			sourceTree = "<group>";
		};
		CFAFEDF92441B82B006557D1 /* Workers */ = {
			isa = PBXGroup;
			children = (
				CFAFEDFA2441B85D006557D1 /* ContactsWorkerTests.swift */,
			);
			path = Workers;
			sourceTree = "<group>";
		};
		CFAFEE002441CC47006557D1 /* ListContacts */ = {
			isa = PBXGroup;
			children = (
				CFAFEE052441E1D5006557D1 /* ListContactsViewModel.swift */,
				CFAFEE012441E182006557D1 /* ListContactsViewController.swift */,
				CFAFEE07244211D1006557D1 /* ListContactsTableViewCell.swift */,
			);
			path = ListContacts;
			sourceTree = "<group>";
		};
		CFB352FF24485EBC0094E070 /* ShowContact */ = {
			isa = PBXGroup;
			children = (
				CFB3530224485EFE0094E070 /* ShowContactViewModel.swift */,
				CFB3530024485EE70094E070 /* ShowContactViewController.swift */,
				CFB3530424485F1C0094E070 /* ShowContactAvatarTableViewCell.swift */,
				CFB3530624485F2A0094E070 /* ShowContactDetailTableViewCell.swift */,
			);
			path = ShowContact;
			sourceTree = "<group>";
		};
		CFED88962449362300705FDF /* ShowContact */ = {
			isa = PBXGroup;
			children = (
				CF85601F2449AB6100C52E36 /* ShowContactViewModelTests.swift */,
				CFED88972449364600705FDF /* ShowContactViewControllerTests.swift */,
			);
			path = ShowContact;
			sourceTree = "<group>";
		};
/* End PBXGroup section */

/* Begin PBXNativeTarget section */
		CFAFEDB824401ECB006557D1 /* Contacts */ = {
			isa = PBXNativeTarget;
			buildConfigurationList = CFAFEDD824401ECF006557D1 /* Build configuration list for PBXNativeTarget "Contacts" */;
			buildPhases = (
				CFAFEDB524401ECB006557D1 /* Sources */,
				CFAFEDB624401ECB006557D1 /* Frameworks */,
				CFAFEDB724401ECB006557D1 /* Resources */,
			);
			buildRules = (
			);
			dependencies = (
			);
			name = Contacts;
			productName = Contacts;
			productReference = CFAFEDB924401ECB006557D1 /* Contacts.app */;
			productType = "com.apple.product-type.application";
		};
		CFAFEDCE24401ECF006557D1 /* ContactsTests */ = {
			isa = PBXNativeTarget;
			buildConfigurationList = CFAFEDDB24401ECF006557D1 /* Build configuration list for PBXNativeTarget "ContactsTests" */;
			buildPhases = (
				CFAFEDCB24401ECF006557D1 /* Sources */,
				CFAFEDCC24401ECF006557D1 /* Frameworks */,
				CFAFEDCD24401ECF006557D1 /* Resources */,
			);
			buildRules = (
			);
			dependencies = (
				CFAFEDD124401ECF006557D1 /* PBXTargetDependency */,
			);
			name = ContactsTests;
			productName = ContactsTests;
			productReference = CFAFEDCF24401ECF006557D1 /* ContactsTests.xctest */;
			productType = "com.apple.product-type.bundle.unit-test";
		};
/* End PBXNativeTarget section */

/* Begin PBXProject section */
		CFAFEDB124401ECB006557D1 /* Project object */ = {
			isa = PBXProject;
			attributes = {
				LastSwiftUpdateCheck = 1130;
				LastUpgradeCheck = 1130;
				ORGANIZATIONNAME = "Justine Tabin";
				TargetAttributes = {
					CFAFEDB824401ECB006557D1 = {
						CreatedOnToolsVersion = 11.3;
					};
					CFAFEDCE24401ECF006557D1 = {
						CreatedOnToolsVersion = 11.3;
						TestTargetID = CFAFEDB824401ECB006557D1;
					};
				};
			};
			buildConfigurationList = CFAFEDB424401ECB006557D1 /* Build configuration list for PBXProject "Contacts" */;
			compatibilityVersion = "Xcode 9.3";
			developmentRegion = en;
			hasScannedForEncodings = 0;
			knownRegions = (
				en,
				Base,
			);
			mainGroup = CFAFEDB024401ECB006557D1;
			productRefGroup = CFAFEDBA24401ECB006557D1 /* Products */;
			projectDirPath = "";
			projectRoot = "";
			targets = (
				CFAFEDB824401ECB006557D1 /* Contacts */,
				CFAFEDCE24401ECF006557D1 /* ContactsTests */,
			);
		};
/* End PBXProject section */

/* Begin PBXResourcesBuildPhase section */
		CFAFEDB724401ECB006557D1 /* Resources */ = {
			isa = PBXResourcesBuildPhase;
			buildActionMask = 2147483647;
			files = (
				CFAFEDC924401ECF006557D1 /* LaunchScreen.storyboard in Resources */,
				CFAFEDC624401ECF006557D1 /* Assets.xcassets in Resources */,
				CFAFEDC424401ECB006557D1 /* Main.storyboard in Resources */,
			);
			runOnlyForDeploymentPostprocessing = 0;
		};
		CFAFEDCD24401ECF006557D1 /* Resources */ = {
			isa = PBXResourcesBuildPhase;
			buildActionMask = 2147483647;
			files = (
			);
			runOnlyForDeploymentPostprocessing = 0;
		};
/* End PBXResourcesBuildPhase section */

/* Begin PBXSourcesBuildPhase section */
		CFAFEDB524401ECB006557D1 /* Sources */ = {
			isa = PBXSourcesBuildPhase;
			buildActionMask = 2147483647;
			files = (
				CFAFEDC124401ECB006557D1 /* ViewController.swift in Sources */,
				CFB3530724485F2A0094E070 /* ShowContactDetailTableViewCell.swift in Sources */,
				CF8F8753244469380010AFD4 /* ObservableTextField.swift in Sources */,
				CFAFEDE824401F78006557D1 /* Observable.swift in Sources */,
				CFAFEDBD24401ECB006557D1 /* AppDelegate.swift in Sources */,
				CF19C70A2443325100AFC7A9 /* CreateContactInputDetailTableViewCell.swift in Sources */,
				CF85602C2449EEF000C52E36 /* UpdateContactInputAvatarTableViewCell.swift in Sources */,
				CFAFEDE624401F5E006557D1 /* HTTPClient.swift in Sources */,
				CFAFEE0A2442C6C1006557D1 /* DependencyWorker.swift in Sources */,
				CFAFEE08244211D1006557D1 /* ListContactsTableViewCell.swift in Sources */,
				CFB3530324485EFE0094E070 /* ShowContactViewModel.swift in Sources */,
				CFAFEE062441E1D5006557D1 /* ListContactsViewModel.swift in Sources */,
				CFAFEDBF24401ECB006557D1 /* SceneDelegate.swift in Sources */,
				CF19C70624432CCE00AFC7A9 /* CreateContactViewModel.swift in Sources */,
				CFAFEE022441E182006557D1 /* ListContactsViewController.swift in Sources */,
				CF19C70824432CDA00AFC7A9 /* CreateContactViewController.swift in Sources */,
				CFAFEDF824418ADD006557D1 /* ContactGroup.swift in Sources */,
				CFAFEDEA24404BEE006557D1 /* ContactsApi.swift in Sources */,
				CF19C70C244332F000AFC7A9 /* CreateContactInputAvatarTableViewCell.swift in Sources */,
				CF85602E2449EF0B00C52E36 /* UpdateContactInputDetailTableViewCell.swift in Sources */,
				CF7FD23D244FD09D00AE928C /* ViewModelType.swift in Sources */,
				CFAFEDF624416E20006557D1 /* ContactsWorker.swift in Sources */,
				CFAFEDEF24404C61006557D1 /* Contact.swift in Sources */,
				CF8560282449E27700C52E36 /* UpdateContactViewModel.swift in Sources */,
				CFB3530124485EE70094E070 /* ShowContactViewController.swift in Sources */,
				CFB3530524485F1C0094E070 /* ShowContactAvatarTableViewCell.swift in Sources */,
				CF8560232449E22900C52E36 /* UpdateContactViewController.swift in Sources */,
				CFAFEDF124406272006557D1 /* Constants.swift in Sources */,
			);
			runOnlyForDeploymentPostprocessing = 0;
		};
		CFAFEDCB24401ECF006557D1 /* Sources */ = {
			isa = PBXSourcesBuildPhase;
			buildActionMask = 2147483647;
			files = (
				CFED88982449364600705FDF /* ShowContactViewControllerTests.swift in Sources */,
				CFAFEDFB2441B85D006557D1 /* ContactsWorkerTests.swift in Sources */,
				CF8560202449AB6100C52E36 /* ShowContactViewModelTests.swift in Sources */,
				CF8F8758244562B00010AFD4 /* CreateContactViewModelTests.swift in Sources */,
				CFAFEDF42440AEC9006557D1 /* Observable.swift in Sources */,
				CF19C70124430AE400AFC7A9 /* ListContactsViewControllerTests.swift in Sources */,
				CF8560262449E26100C52E36 /* UpdateContactViewControllerTests.swift in Sources */,
				CFAFEDFF2441B9D7006557D1 /* Seeds.swift in Sources */,
				CF19C6FB2442F24000AFC7A9 /* ListContactsViewModelTests.swift in Sources */,
				CF8F875A2445AF060010AFD4 /* CreateContactViewControllerTests.swift in Sources */,
				CF7FD240245042A700AE928C /* ObservableTextFieldTests.swift in Sources */,
				CF19C6FD2443017400AFC7A9 /* Mocks.swift in Sources */,
				CFAFEDED24404C1F006557D1 /* ContactsApiTests.swift in Sources */,
				CF85602A2449E28300C52E36 /* UpdateContactViewModelTests.swift in Sources */,
			);
			runOnlyForDeploymentPostprocessing = 0;
		};
/* End PBXSourcesBuildPhase section */

/* Begin PBXTargetDependency section */
		CFAFEDD124401ECF006557D1 /* PBXTargetDependency */ = {
			isa = PBXTargetDependency;
			target = CFAFEDB824401ECB006557D1 /* Contacts */;
			targetProxy = CFAFEDD024401ECF006557D1 /* PBXContainerItemProxy */;
		};
/* End PBXTargetDependency section */

/* Begin PBXVariantGroup section */
		CFAFEDC224401ECB006557D1 /* Main.storyboard */ = {
			isa = PBXVariantGroup;
			children = (
				CFAFEDC324401ECB006557D1 /* Base */,
			);
			name = Main.storyboard;
			sourceTree = "<group>";
		};
		CFAFEDC724401ECF006557D1 /* LaunchScreen.storyboard */ = {
			isa = PBXVariantGroup;
			children = (
				CFAFEDC824401ECF006557D1 /* Base */,
			);
			name = LaunchScreen.storyboard;
			sourceTree = "<group>";
		};
/* End PBXVariantGroup section */

/* Begin XCBuildConfiguration section */
		CFAFEDD624401ECF006557D1 /* Debug */ = {
			isa = XCBuildConfiguration;
			buildSettings = {
				ALWAYS_SEARCH_USER_PATHS = NO;
				CLANG_ANALYZER_NONNULL = YES;
				CLANG_ANALYZER_NUMBER_OBJECT_CONVERSION = YES_AGGRESSIVE;
				CLANG_CXX_LANGUAGE_STANDARD = "gnu++14";
				CLANG_CXX_LIBRARY = "libc++";
				CLANG_ENABLE_MODULES = YES;
				CLANG_ENABLE_OBJC_ARC = YES;
				CLANG_ENABLE_OBJC_WEAK = YES;
				CLANG_WARN_BLOCK_CAPTURE_AUTORELEASING = YES;
				CLANG_WARN_BOOL_CONVERSION = YES;
				CLANG_WARN_COMMA = YES;
				CLANG_WARN_CONSTANT_CONVERSION = YES;
				CLANG_WARN_DEPRECATED_OBJC_IMPLEMENTATIONS = YES;
				CLANG_WARN_DIRECT_OBJC_ISA_USAGE = YES_ERROR;
				CLANG_WARN_DOCUMENTATION_COMMENTS = YES;
				CLANG_WARN_EMPTY_BODY = YES;
				CLANG_WARN_ENUM_CONVERSION = YES;
				CLANG_WARN_INFINITE_RECURSION = YES;
				CLANG_WARN_INT_CONVERSION = YES;
				CLANG_WARN_NON_LITERAL_NULL_CONVERSION = YES;
				CLANG_WARN_OBJC_IMPLICIT_RETAIN_SELF = YES;
				CLANG_WARN_OBJC_LITERAL_CONVERSION = YES;
				CLANG_WARN_OBJC_ROOT_CLASS = YES_ERROR;
				CLANG_WARN_RANGE_LOOP_ANALYSIS = YES;
				CLANG_WARN_STRICT_PROTOTYPES = YES;
				CLANG_WARN_SUSPICIOUS_MOVE = YES;
				CLANG_WARN_UNGUARDED_AVAILABILITY = YES_AGGRESSIVE;
				CLANG_WARN_UNREACHABLE_CODE = YES;
				CLANG_WARN__DUPLICATE_METHOD_MATCH = YES;
				COPY_PHASE_STRIP = NO;
				DEBUG_INFORMATION_FORMAT = dwarf;
				ENABLE_STRICT_OBJC_MSGSEND = YES;
				ENABLE_TESTABILITY = YES;
				GCC_C_LANGUAGE_STANDARD = gnu11;
				GCC_DYNAMIC_NO_PIC = NO;
				GCC_NO_COMMON_BLOCKS = YES;
				GCC_OPTIMIZATION_LEVEL = 0;
				GCC_PREPROCESSOR_DEFINITIONS = (
					"DEBUG=1",
					"$(inherited)",
				);
				GCC_WARN_64_TO_32_BIT_CONVERSION = YES;
				GCC_WARN_ABOUT_RETURN_TYPE = YES_ERROR;
				GCC_WARN_UNDECLARED_SELECTOR = YES;
				GCC_WARN_UNINITIALIZED_AUTOS = YES_AGGRESSIVE;
				GCC_WARN_UNUSED_FUNCTION = YES;
				GCC_WARN_UNUSED_VARIABLE = YES;
				IPHONEOS_DEPLOYMENT_TARGET = 13.2;
				MTL_ENABLE_DEBUG_INFO = INCLUDE_SOURCE;
				MTL_FAST_MATH = YES;
				ONLY_ACTIVE_ARCH = YES;
				SDKROOT = iphoneos;
				SWIFT_ACTIVE_COMPILATION_CONDITIONS = DEBUG;
				SWIFT_OPTIMIZATION_LEVEL = "-Onone";
			};
			name = Debug;
		};
		CFAFEDD724401ECF006557D1 /* Release */ = {
			isa = XCBuildConfiguration;
			buildSettings = {
				ALWAYS_SEARCH_USER_PATHS = NO;
				CLANG_ANALYZER_NONNULL = YES;
				CLANG_ANALYZER_NUMBER_OBJECT_CONVERSION = YES_AGGRESSIVE;
				CLANG_CXX_LANGUAGE_STANDARD = "gnu++14";
				CLANG_CXX_LIBRARY = "libc++";
				CLANG_ENABLE_MODULES = YES;
				CLANG_ENABLE_OBJC_ARC = YES;
				CLANG_ENABLE_OBJC_WEAK = YES;
				CLANG_WARN_BLOCK_CAPTURE_AUTORELEASING = YES;
				CLANG_WARN_BOOL_CONVERSION = YES;
				CLANG_WARN_COMMA = YES;
				CLANG_WARN_CONSTANT_CONVERSION = YES;
				CLANG_WARN_DEPRECATED_OBJC_IMPLEMENTATIONS = YES;
				CLANG_WARN_DIRECT_OBJC_ISA_USAGE = YES_ERROR;
				CLANG_WARN_DOCUMENTATION_COMMENTS = YES;
				CLANG_WARN_EMPTY_BODY = YES;
				CLANG_WARN_ENUM_CONVERSION = YES;
				CLANG_WARN_INFINITE_RECURSION = YES;
				CLANG_WARN_INT_CONVERSION = YES;
				CLANG_WARN_NON_LITERAL_NULL_CONVERSION = YES;
				CLANG_WARN_OBJC_IMPLICIT_RETAIN_SELF = YES;
				CLANG_WARN_OBJC_LITERAL_CONVERSION = YES;
				CLANG_WARN_OBJC_ROOT_CLASS = YES_ERROR;
				CLANG_WARN_RANGE_LOOP_ANALYSIS = YES;
				CLANG_WARN_STRICT_PROTOTYPES = YES;
				CLANG_WARN_SUSPICIOUS_MOVE = YES;
				CLANG_WARN_UNGUARDED_AVAILABILITY = YES_AGGRESSIVE;
				CLANG_WARN_UNREACHABLE_CODE = YES;
				CLANG_WARN__DUPLICATE_METHOD_MATCH = YES;
				COPY_PHASE_STRIP = NO;
				DEBUG_INFORMATION_FORMAT = "dwarf-with-dsym";
				ENABLE_NS_ASSERTIONS = NO;
				ENABLE_STRICT_OBJC_MSGSEND = YES;
				GCC_C_LANGUAGE_STANDARD = gnu11;
				GCC_NO_COMMON_BLOCKS = YES;
				GCC_WARN_64_TO_32_BIT_CONVERSION = YES;
				GCC_WARN_ABOUT_RETURN_TYPE = YES_ERROR;
				GCC_WARN_UNDECLARED_SELECTOR = YES;
				GCC_WARN_UNINITIALIZED_AUTOS = YES_AGGRESSIVE;
				GCC_WARN_UNUSED_FUNCTION = YES;
				GCC_WARN_UNUSED_VARIABLE = YES;
				IPHONEOS_DEPLOYMENT_TARGET = 13.2;
				MTL_ENABLE_DEBUG_INFO = NO;
				MTL_FAST_MATH = YES;
				SDKROOT = iphoneos;
				SWIFT_COMPILATION_MODE = wholemodule;
				SWIFT_OPTIMIZATION_LEVEL = "-O";
				VALIDATE_PRODUCT = YES;
			};
			name = Release;
		};
		CFAFEDD924401ECF006557D1 /* Debug */ = {
			isa = XCBuildConfiguration;
			buildSettings = {
				ASSETCATALOG_COMPILER_APPICON_NAME = AppIcon;
				CODE_SIGN_STYLE = Automatic;
				DEVELOPMENT_TEAM = P6VV562X6R;
				INFOPLIST_FILE = Contacts/Resources/Info.plist;
				LD_RUNPATH_SEARCH_PATHS = (
					"$(inherited)",
					"@executable_path/Frameworks",
				);
				PRODUCT_BUNDLE_IDENTIFIER = com.justinetabin.Contacts;
				PRODUCT_NAME = "$(TARGET_NAME)";
				SWIFT_VERSION = 5.0;
				TARGETED_DEVICE_FAMILY = "1,2";
			};
			name = Debug;
		};
		CFAFEDDA24401ECF006557D1 /* Release */ = {
			isa = XCBuildConfiguration;
			buildSettings = {
				ASSETCATALOG_COMPILER_APPICON_NAME = AppIcon;
				CODE_SIGN_STYLE = Automatic;
				DEVELOPMENT_TEAM = P6VV562X6R;
				INFOPLIST_FILE = Contacts/Resources/Info.plist;
				LD_RUNPATH_SEARCH_PATHS = (
					"$(inherited)",
					"@executable_path/Frameworks",
				);
				PRODUCT_BUNDLE_IDENTIFIER = com.justinetabin.Contacts;
				PRODUCT_NAME = "$(TARGET_NAME)";
				SWIFT_VERSION = 5.0;
				TARGETED_DEVICE_FAMILY = "1,2";
			};
			name = Release;
		};
		CFAFEDDC24401ECF006557D1 /* Debug */ = {
			isa = XCBuildConfiguration;
			buildSettings = {
				ALWAYS_EMBED_SWIFT_STANDARD_LIBRARIES = YES;
				BUNDLE_LOADER = "$(TEST_HOST)";
				CODE_SIGN_STYLE = Automatic;
				DEVELOPMENT_TEAM = P6VV562X6R;
				INFOPLIST_FILE = ContactsTests/Info.plist;
				IPHONEOS_DEPLOYMENT_TARGET = 13.2;
				LD_RUNPATH_SEARCH_PATHS = (
					"$(inherited)",
					"@executable_path/Frameworks",
					"@loader_path/Frameworks",
				);
				PRODUCT_BUNDLE_IDENTIFIER = com.justinetabin.ContactsTests;
				PRODUCT_NAME = "$(TARGET_NAME)";
				SWIFT_VERSION = 5.0;
				TARGETED_DEVICE_FAMILY = "1,2";
				TEST_HOST = "$(BUILT_PRODUCTS_DIR)/Contacts.app/Contacts";
			};
			name = Debug;
		};
		CFAFEDDD24401ECF006557D1 /* Release */ = {
			isa = XCBuildConfiguration;
			buildSettings = {
				ALWAYS_EMBED_SWIFT_STANDARD_LIBRARIES = YES;
				BUNDLE_LOADER = "$(TEST_HOST)";
				CODE_SIGN_STYLE = Automatic;
				DEVELOPMENT_TEAM = P6VV562X6R;
				INFOPLIST_FILE = ContactsTests/Info.plist;
				IPHONEOS_DEPLOYMENT_TARGET = 13.2;
				LD_RUNPATH_SEARCH_PATHS = (
					"$(inherited)",
					"@executable_path/Frameworks",
					"@loader_path/Frameworks",
				);
				PRODUCT_BUNDLE_IDENTIFIER = com.justinetabin.ContactsTests;
				PRODUCT_NAME = "$(TARGET_NAME)";
				SWIFT_VERSION = 5.0;
				TARGETED_DEVICE_FAMILY = "1,2";
				TEST_HOST = "$(BUILT_PRODUCTS_DIR)/Contacts.app/Contacts";
			};
			name = Release;
		};
/* End XCBuildConfiguration section */

/* Begin XCConfigurationList section */
		CFAFEDB424401ECB006557D1 /* Build configuration list for PBXProject "Contacts" */ = {
			isa = XCConfigurationList;
			buildConfigurations = (
				CFAFEDD624401ECF006557D1 /* Debug */,
				CFAFEDD724401ECF006557D1 /* Release */,
			);
			defaultConfigurationIsVisible = 0;
			defaultConfigurationName = Release;
		};
		CFAFEDD824401ECF006557D1 /* Build configuration list for PBXNativeTarget "Contacts" */ = {
			isa = XCConfigurationList;
			buildConfigurations = (
				CFAFEDD924401ECF006557D1 /* Debug */,
				CFAFEDDA24401ECF006557D1 /* Release */,
			);
			defaultConfigurationIsVisible = 0;
			defaultConfigurationName = Release;
		};
		CFAFEDDB24401ECF006557D1 /* Build configuration list for PBXNativeTarget "ContactsTests" */ = {
			isa = XCConfigurationList;
			buildConfigurations = (
				CFAFEDDC24401ECF006557D1 /* Debug */,
				CFAFEDDD24401ECF006557D1 /* Release */,
			);
			defaultConfigurationIsVisible = 0;
			defaultConfigurationName = Release;
		};
/* End XCConfigurationList section */
	};
	rootObject = CFAFEDB124401ECB006557D1 /* Project object */;
}
